// !$*UTF8*$!
{
	archiveVersion = 1;
	classes = {
	};
	objectVersion = 50;
	objects = {

/* Begin PBXBuildFile section */
		84CAD44E234AE8C100D60D15 /* AppDelegate.swift in Sources */ = {isa = PBXBuildFile; fileRef = 84CAD44D234AE8C100D60D15 /* AppDelegate.swift */; };
		84CAD450234AE8C100D60D15 /* ViewController.swift in Sources */ = {isa = PBXBuildFile; fileRef = 84CAD44F234AE8C100D60D15 /* ViewController.swift */; };
		84CAD453234AE8C100D60D15 /* Main.storyboard in Resources */ = {isa = PBXBuildFile; fileRef = 84CAD451234AE8C100D60D15 /* Main.storyboard */; };
		84CAD455234AE8C400D60D15 /* Assets.xcassets in Resources */ = {isa = PBXBuildFile; fileRef = 84CAD454234AE8C400D60D15 /* Assets.xcassets */; };
		84CAD458234AE8C400D60D15 /* LaunchScreen.storyboard in Resources */ = {isa = PBXBuildFile; fileRef = 84CAD456234AE8C400D60D15 /* LaunchScreen.storyboard */; };
		84CAD463234AE8C400D60D15 /* TipCalculatorTests.swift in Sources */ = {isa = PBXBuildFile; fileRef = 84CAD462234AE8C400D60D15 /* TipCalculatorTests.swift */; };
		84CAD46E234AE8C400D60D15 /* TipCalculatorUITests.swift in Sources */ = {isa = PBXBuildFile; fileRef = 84CAD46D234AE8C400D60D15 /* TipCalculatorUITests.swift */; };
/* End PBXBuildFile section */

/* Begin PBXContainerItemProxy section */
		84CAD45F234AE8C400D60D15 /* PBXContainerItemProxy */ = {
			isa = PBXContainerItemProxy;
			containerPortal = 84CAD442234AE8C000D60D15 /* Project object */;
			proxyType = 1;
			remoteGlobalIDString = 84CAD449234AE8C100D60D15;
			remoteInfo = TipCalculator;
		};
		84CAD46A234AE8C400D60D15 /* PBXContainerItemProxy */ = {
			isa = PBXContainerItemProxy;
			containerPortal = 84CAD442234AE8C000D60D15 /* Project object */;
			proxyType = 1;
			remoteGlobalIDString = 84CAD449234AE8C100D60D15;
			remoteInfo = TipCalculator;
		};
/* End PBXContainerItemProxy section */

/* Begin PBXFileReference section */
		84CAD44A234AE8C100D60D15 /* TipCalculator.app */ = {isa = PBXFileReference; explicitFileType = wrapper.application; includeInIndex = 0; path = TipCalculator.app; sourceTree = BUILT_PRODUCTS_DIR; };
		84CAD44D234AE8C100D60D15 /* AppDelegate.swift */ = {isa = PBXFileReference; lastKnownFileType = sourcecode.swift; path = AppDelegate.swift; sourceTree = "<group>"; };
		84CAD44F234AE8C100D60D15 /* ViewController.swift */ = {isa = PBXFileReference; lastKnownFileType = sourcecode.swift; path = ViewController.swift; sourceTree = "<group>"; };
		84CAD452234AE8C100D60D15 /* Base */ = {isa = PBXFileReference; lastKnownFileType = file.storyboard; name = Base; path = Base.lproj/Main.storyboard; sourceTree = "<group>"; };
		84CAD454234AE8C400D60D15 /* Assets.xcassets */ = {isa = PBXFileReference; lastKnownFileType = folder.assetcatalog; path = Assets.xcassets; sourceTree = "<group>"; };
		84CAD457234AE8C400D60D15 /* Base */ = {isa = PBXFileReference; lastKnownFileType = file.storyboard; name = Base; path = Base.lproj/LaunchScreen.storyboard; sourceTree = "<group>"; };
		84CAD459234AE8C400D60D15 /* Info.plist */ = {isa = PBXFileReference; lastKnownFileType = text.plist.xml; path = Info.plist; sourceTree = "<group>"; };
		84CAD45E234AE8C400D60D15 /* TipCalculatorTests.xctest */ = {isa = PBXFileReference; explicitFileType = wrapper.cfbundle; includeInIndex = 0; path = TipCalculatorTests.xctest; sourceTree = BUILT_PRODUCTS_DIR; };
		84CAD462234AE8C400D60D15 /* TipCalculatorTests.swift */ = {isa = PBXFileReference; lastKnownFileType = sourcecode.swift; path = TipCalculatorTests.swift; sourceTree = "<group>"; };
		84CAD464234AE8C400D60D15 /* Info.plist */ = {isa = PBXFileReference; lastKnownFileType = text.plist.xml; path = Info.plist; sourceTree = "<group>"; };
		84CAD469234AE8C400D60D15 /* TipCalculatorUITests.xctest */ = {isa = PBXFileReference; explicitFileType = wrapper.cfbundle; includeInIndex = 0; path = TipCalculatorUITests.xctest; sourceTree = BUILT_PRODUCTS_DIR; };
		84CAD46D234AE8C400D60D15 /* TipCalculatorUITests.swift */ = {isa = PBXFileReference; lastKnownFileType = sourcecode.swift; path = TipCalculatorUITests.swift; sourceTree = "<group>"; };
		84CAD46F234AE8C400D60D15 /* Info.plist */ = {isa = PBXFileReference; lastKnownFileType = text.plist.xml; path = Info.plist; sourceTree = "<group>"; };
/* End PBXFileReference section */

/* Begin PBXFrameworksBuildPhase section */
		84CAD447234AE8C100D60D15 /* Frameworks */ = {
			isa = PBXFrameworksBuildPhase;
			buildActionMask = 2147483647;
			files = (
			);
			runOnlyForDeploymentPostprocessing = 0;
		};
		84CAD45B234AE8C400D60D15 /* Frameworks */ = {
			isa = PBXFrameworksBuildPhase;
			buildActionMask = 2147483647;
			files = (
			);
			runOnlyForDeploymentPostprocessing = 0;
		};
		84CAD466234AE8C400D60D15 /* Frameworks */ = {
			isa = PBXFrameworksBuildPhase;
			buildActionMask = 2147483647;
			files = (
			);
			runOnlyForDeploymentPostprocessing = 0;
		};
/* End PBXFrameworksBuildPhase section */

/* Begin PBXGroup section */
		84CAD441234AE8C000D60D15 = {
			isa = PBXGroup;
			children = (
				84CAD44C234AE8C100D60D15 /* TipCalculator */,
				84CAD461234AE8C400D60D15 /* TipCalculatorTests */,
				84CAD46C234AE8C400D60D15 /* TipCalculatorUITests */,
				84CAD44B234AE8C100D60D15 /* Products */,
			);
			sourceTree = "<group>";
		};
		84CAD44B234AE8C100D60D15 /* Products */ = {
			isa = PBXGroup;
			children = (
				84CAD44A234AE8C100D60D15 /* TipCalculator.app */,
				84CAD45E234AE8C400D60D15 /* TipCalculatorTests.xctest */,
				84CAD469234AE8C400D60D15 /* TipCalculatorUITests.xctest */,
			);
			name = Products;
			sourceTree = "<group>";
		};
		84CAD44C234AE8C100D60D15 /* TipCalculator */ = {
			isa = PBXGroup;
			children = (
				84CAD44D234AE8C100D60D15 /* AppDelegate.swift */,
				84CAD44F234AE8C100D60D15 /* ViewController.swift */,
				84CAD451234AE8C100D60D15 /* Main.storyboard */,
				84CAD454234AE8C400D60D15 /* Assets.xcassets */,
				84CAD456234AE8C400D60D15 /* LaunchScreen.storyboard */,
				84CAD459234AE8C400D60D15 /* Info.plist */,
			);
			path = TipCalculator;
			sourceTree = "<group>";
		};
		84CAD461234AE8C400D60D15 /* TipCalculatorTests */ = {
			isa = PBXGroup;
			children = (
				84CAD462234AE8C400D60D15 /* TipCalculatorTests.swift */,
				84CAD464234AE8C400D60D15 /* Info.plist */,
			);
			path = TipCalculatorTests;
			sourceTree = "<group>";
		};
		84CAD46C234AE8C400D60D15 /* TipCalculatorUITests */ = {
			isa = PBXGroup;
			children = (
				84CAD46D234AE8C400D60D15 /* TipCalculatorUITests.swift */,
				84CAD46F234AE8C400D60D15 /* Info.plist */,
			);
			path = TipCalculatorUITests;
			sourceTree = "<group>";
		};
/* End PBXGroup section */

/* Begin PBXNativeTarget section */
		84CAD449234AE8C100D60D15 /* TipCalculator */ = {
			isa = PBXNativeTarget;
			buildConfigurationList = 84CAD472234AE8C400D60D15 /* Build configuration list for PBXNativeTarget "TipCalculator" */;
			buildPhases = (
				84CAD446234AE8C100D60D15 /* Sources */,
				84CAD447234AE8C100D60D15 /* Frameworks */,
				84CAD448234AE8C100D60D15 /* Resources */,
			);
			buildRules = (
			);
			dependencies = (
			);
			name = TipCalculator;
			productName = TipCalculator;
			productReference = 84CAD44A234AE8C100D60D15 /* TipCalculator.app */;
			productType = "com.apple.product-type.application";
		};
		84CAD45D234AE8C400D60D15 /* TipCalculatorTests */ = {
			isa = PBXNativeTarget;
			buildConfigurationList = 84CAD475234AE8C400D60D15 /* Build configuration list for PBXNativeTarget "TipCalculatorTests" */;
			buildPhases = (
				84CAD45A234AE8C400D60D15 /* Sources */,
				84CAD45B234AE8C400D60D15 /* Frameworks */,
				84CAD45C234AE8C400D60D15 /* Resources */,
			);
			buildRules = (
			);
			dependencies = (
				84CAD460234AE8C400D60D15 /* PBXTargetDependency */,
			);
			name = TipCalculatorTests;
			productName = TipCalculatorTests;
			productReference = 84CAD45E234AE8C400D60D15 /* TipCalculatorTests.xctest */;
			productType = "com.apple.product-type.bundle.unit-test";
		};
		84CAD468234AE8C400D60D15 /* TipCalculatorUITests */ = {
			isa = PBXNativeTarget;
			buildConfigurationList = 84CAD478234AE8C400D60D15 /* Build configuration list for PBXNativeTarget "TipCalculatorUITests" */;
			buildPhases = (
				84CAD465234AE8C400D60D15 /* Sources */,
				84CAD466234AE8C400D60D15 /* Frameworks */,
				84CAD467234AE8C400D60D15 /* Resources */,
			);
			buildRules = (
			);
			dependencies = (
				84CAD46B234AE8C400D60D15 /* PBXTargetDependency */,
			);
			name = TipCalculatorUITests;
			productName = TipCalculatorUITests;
			productReference = 84CAD469234AE8C400D60D15 /* TipCalculatorUITests.xctest */;
			productType = "com.apple.product-type.bundle.ui-testing";
		};
/* End PBXNativeTarget section */

/* Begin PBXProject section */
		84CAD442234AE8C000D60D15 /* Project object */ = {
			isa = PBXProject;
			attributes = {
				LastSwiftUpdateCheck = 1000;
				LastUpgradeCheck = 1000;
				ORGANIZATIONNAME = codepath;
				TargetAttributes = {
					84CAD449234AE8C100D60D15 = {
						CreatedOnToolsVersion = 10.0;
					};
					84CAD45D234AE8C400D60D15 = {
						CreatedOnToolsVersion = 10.0;
						TestTargetID = 84CAD449234AE8C100D60D15;
					};
					84CAD468234AE8C400D60D15 = {
						CreatedOnToolsVersion = 10.0;
						TestTargetID = 84CAD449234AE8C100D60D15;
					};
				};
			};
			buildConfigurationList = 84CAD445234AE8C100D60D15 /* Build configuration list for PBXProject "TipCalculator" */;
			compatibilityVersion = "Xcode 9.3";
			developmentRegion = en;
			hasScannedForEncodings = 0;
			knownRegions = (
				en,
				Base,
			);
			mainGroup = 84CAD441234AE8C000D60D15;
			productRefGroup = 84CAD44B234AE8C100D60D15 /* Products */;
			projectDirPath = "";
			projectRoot = "";
			targets = (
				84CAD449234AE8C100D60D15 /* TipCalculator */,
				84CAD45D234AE8C400D60D15 /* TipCalculatorTests */,
				84CAD468234AE8C400D60D15 /* TipCalculatorUITests */,
			);
		};
/* End PBXProject section */

/* Begin PBXResourcesBuildPhase section */
		84CAD448234AE8C100D60D15 /* Resources */ = {
			isa = PBXResourcesBuildPhase;
			buildActionMask = 2147483647;
			files = (
				84CAD458234AE8C400D60D15 /* LaunchScreen.storyboard in Resources */,
				84CAD455234AE8C400D60D15 /* Assets.xcassets in Resources */,
				84CAD453234AE8C100D60D15 /* Main.storyboard in Resources */,
			);
			runOnlyForDeploymentPostprocessing = 0;
		};
		84CAD45C234AE8C400D60D15 /* Resources */ = {
			isa = PBXResourcesBuildPhase;
			buildActionMask = 2147483647;
			files = (
			);
			runOnlyForDeploymentPostprocessing = 0;
		};
		84CAD467234AE8C400D60D15 /* Resources */ = {
			isa = PBXResourcesBuildPhase;
			buildActionMask = 2147483647;
			files = (
			);
			runOnlyForDeploymentPostprocessing = 0;
		};
/* End PBXResourcesBuildPhase section */

/* Begin PBXSourcesBuildPhase section */
		84CAD446234AE8C100D60D15 /* Sources */ = {
			isa = PBXSourcesBuildPhase;
			buildActionMask = 2147483647;
			files = (
				84CAD450234AE8C100D60D15 /* ViewController.swift in Sources */,
				84CAD44E234AE8C100D60D15 /* AppDelegate.swift in Sources */,
			);
			runOnlyForDeploymentPostprocessing = 0;
		};
		84CAD45A234AE8C400D60D15 /* Sources */ = {
			isa = PBXSourcesBuildPhase;
			buildActionMask = 2147483647;
			files = (
				84CAD463234AE8C400D60D15 /* TipCalculatorTests.swift in Sources */,
			);
			runOnlyForDeploymentPostprocessing = 0;
		};
		84CAD465234AE8C400D60D15 /* Sources */ = {
			isa = PBXSourcesBuildPhase;
			buildActionMask = 2147483647;
			files = (
				84CAD46E234AE8C400D60D15 /* TipCalculatorUITests.swift in Sources */,
			);
			runOnlyForDeploymentPostprocessing = 0;
		};
/* End PBXSourcesBuildPhase section */

/* Begin PBXTargetDependency section */
		84CAD460234AE8C400D60D15 /* PBXTargetDependency */ = {
			isa = PBXTargetDependency;
			target = 84CAD449234AE8C100D60D15 /* TipCalculator */;
			targetProxy = 84CAD45F234AE8C400D60D15 /* PBXContainerItemProxy */;
		};
		84CAD46B234AE8C400D60D15 /* PBXTargetDependency */ = {
			isa = PBXTargetDependency;
			target = 84CAD449234AE8C100D60D15 /* TipCalculator */;
			targetProxy = 84CAD46A234AE8C400D60D15 /* PBXContainerItemProxy */;
		};
/* End PBXTargetDependency section */

/* Begin PBXVariantGroup section */
		84CAD451234AE8C100D60D15 /* Main.storyboard */ = {
			isa = PBXVariantGroup;
			children = (
				84CAD452234AE8C100D60D15 /* Base */,
			);
			name = Main.storyboard;
			sourceTree = "<group>";
		};
		84CAD456234AE8C400D60D15 /* LaunchScreen.storyboard */ = {
			isa = PBXVariantGroup;
			children = (
				84CAD457234AE8C400D60D15 /* Base */,
			);
			name = LaunchScreen.storyboard;
			sourceTree = "<group>";
		};
/* End PBXVariantGroup section */

/* Begin XCBuildConfiguration section */
		84CAD470234AE8C400D60D15 /* Debug */ = {
			isa = XCBuildConfiguration;
			buildSettings = {
				ALWAYS_SEARCH_USER_PATHS = NO;
				CLANG_ANALYZER_NONNULL = YES;
				CLANG_ANALYZER_NUMBER_OBJECT_CONVERSION = YES_AGGRESSIVE;
				CLANG_CXX_LANGUAGE_STANDARD = "gnu++14";
				CLANG_CXX_LIBRARY = "libc++";
				CLANG_ENABLE_MODULES = YES;
				CLANG_ENABLE_OBJC_ARC = YES;
				CLANG_ENABLE_OBJC_WEAK = YES;
				CLANG_WARN_BLOCK_CAPTURE_AUTORELEASING = YES;
				CLANG_WARN_BOOL_CONVERSION = YES;
				CLANG_WARN_COMMA = YES;
				CLANG_WARN_CONSTANT_CONVERSION = YES;
				CLANG_WARN_DEPRECATED_OBJC_IMPLEMENTATIONS = YES;
				CLANG_WARN_DIRECT_OBJC_ISA_USAGE = YES_ERROR;
				CLANG_WARN_DOCUMENTATION_COMMENTS = YES;
				CLANG_WARN_EMPTY_BODY = YES;
				CLANG_WARN_ENUM_CONVERSION = YES;
				CLANG_WARN_INFINITE_RECURSION = YES;
				CLANG_WARN_INT_CONVERSION = YES;
				CLANG_WARN_NON_LITERAL_NULL_CONVERSION = YES;
				CLANG_WARN_OBJC_IMPLICIT_RETAIN_SELF = YES;
				CLANG_WARN_OBJC_LITERAL_CONVERSION = YES;
				CLANG_WARN_OBJC_ROOT_CLASS = YES_ERROR;
				CLANG_WARN_RANGE_LOOP_ANALYSIS = YES;
				CLANG_WARN_STRICT_PROTOTYPES = YES;
				CLANG_WARN_SUSPICIOUS_MOVE = YES;
				CLANG_WARN_UNGUARDED_AVAILABILITY = YES_AGGRESSIVE;
				CLANG_WARN_UNREACHABLE_CODE = YES;
				CLANG_WARN__DUPLICATE_METHOD_MATCH = YES;
				CODE_SIGN_IDENTITY = "iPhone Developer";
				COPY_PHASE_STRIP = NO;
				DEBUG_INFORMATION_FORMAT = dwarf;
				ENABLE_STRICT_OBJC_MSGSEND = YES;
				ENABLE_TESTABILITY = YES;
				GCC_C_LANGUAGE_STANDARD = gnu11;
				GCC_DYNAMIC_NO_PIC = NO;
				GCC_NO_COMMON_BLOCKS = YES;
				GCC_OPTIMIZATION_LEVEL = 0;
				GCC_PREPROCESSOR_DEFINITIONS = (
					"DEBUG=1",
					"$(inherited)",
				);
				GCC_WARN_64_TO_32_BIT_CONVERSION = YES;
				GCC_WARN_ABOUT_RETURN_TYPE = YES_ERROR;
				GCC_WARN_UNDECLARED_SELECTOR = YES;
				GCC_WARN_UNINITIALIZED_AUTOS = YES_AGGRESSIVE;
				GCC_WARN_UNUSED_FUNCTION = YES;
				GCC_WARN_UNUSED_VARIABLE = YES;
				IPHONEOS_DEPLOYMENT_TARGET = 12.0;
				MTL_ENABLE_DEBUG_INFO = INCLUDE_SOURCE;
				MTL_FAST_MATH = YES;
				ONLY_ACTIVE_ARCH = YES;
				SDKROOT = iphoneos;
				SWIFT_ACTIVE_COMPILATION_CONDITIONS = DEBUG;
				SWIFT_OPTIMIZATION_LEVEL = "-Onone";
			};
			name = Debug;
		};
		84CAD471234AE8C400D60D15 /* Release */ = {
			isa = XCBuildConfiguration;
			buildSettings = {
				ALWAYS_SEARCH_USER_PATHS = NO;
				CLANG_ANALYZER_NONNULL = YES;
				CLANG_ANALYZER_NUMBER_OBJECT_CONVERSION = YES_AGGRESSIVE;
				CLANG_CXX_LANGUAGE_STANDARD = "gnu++14";
				CLANG_CXX_LIBRARY = "libc++";
				CLANG_ENABLE_MODULES = YES;
				CLANG_ENABLE_OBJC_ARC = YES;
				CLANG_ENABLE_OBJC_WEAK = YES;
				CLANG_WARN_BLOCK_CAPTURE_AUTORELEASING = YES;
				CLANG_WARN_BOOL_CONVERSION = YES;
				CLANG_WARN_COMMA = YES;
				CLANG_WARN_CONSTANT_CONVERSION = YES;
				CLANG_WARN_DEPRECATED_OBJC_IMPLEMENTATIONS = YES;
				CLANG_WARN_DIRECT_OBJC_ISA_USAGE = YES_ERROR;
				CLANG_WARN_DOCUMENTATION_COMMENTS = YES;
				CLANG_WARN_EMPTY_BODY = YES;
				CLANG_WARN_ENUM_CONVERSION = YES;
				CLANG_WARN_INFINITE_RECURSION = YES;
				CLANG_WARN_INT_CONVERSION = YES;
				CLANG_WARN_NON_LITERAL_NULL_CONVERSION = YES;
				CLANG_WARN_OBJC_IMPLICIT_RETAIN_SELF = YES;
				CLANG_WARN_OBJC_LITERAL_CONVERSION = YES;
				CLANG_WARN_OBJC_ROOT_CLASS = YES_ERROR;
				CLANG_WARN_RANGE_LOOP_ANALYSIS = YES;
				CLANG_WARN_STRICT_PROTOTYPES = YES;
				CLANG_WARN_SUSPICIOUS_MOVE = YES;
				CLANG_WARN_UNGUARDED_AVAILABILITY = YES_AGGRESSIVE;
				CLANG_WARN_UNREACHABLE_CODE = YES;
				CLANG_WARN__DUPLICATE_METHOD_MATCH = YES;
				CODE_SIGN_IDENTITY = "iPhone Developer";
				COPY_PHASE_STRIP = NO;
				DEBUG_INFORMATION_FORMAT = "dwarf-with-dsym";
				ENABLE_NS_ASSERTIONS = NO;
				ENABLE_STRICT_OBJC_MSGSEND = YES;
				GCC_C_LANGUAGE_STANDARD = gnu11;
				GCC_NO_COMMON_BLOCKS = YES;
				GCC_WARN_64_TO_32_BIT_CONVERSION = YES;
				GCC_WARN_ABOUT_RETURN_TYPE = YES_ERROR;
				GCC_WARN_UNDECLARED_SELECTOR = YES;
				GCC_WARN_UNINITIALIZED_AUTOS = YES_AGGRESSIVE;
				GCC_WARN_UNUSED_FUNCTION = YES;
				GCC_WARN_UNUSED_VARIABLE = YES;
				IPHONEOS_DEPLOYMENT_TARGET = 12.0;
				MTL_ENABLE_DEBUG_INFO = NO;
				MTL_FAST_MATH = YES;
				SDKROOT = iphoneos;
				SWIFT_COMPILATION_MODE = wholemodule;
				SWIFT_OPTIMIZATION_LEVEL = "-O";
				VALIDATE_PRODUCT = YES;
			};
			name = Release;
		};
		84CAD473234AE8C400D60D15 /* Debug */ = {
			isa = XCBuildConfiguration;
			buildSettings = {
				ASSETCATALOG_COMPILER_APPICON_NAME = AppIcon;
				CODE_SIGN_STYLE = Automatic;
				DEVELOPMENT_TEAM = ZQ8LQ9LJRK;
				INFOPLIST_FILE = TipCalculator/Info.plist;
				LD_RUNPATH_SEARCH_PATHS = (
					"$(inherited)",
					"@executable_path/Frameworks",
				);
				PRODUCT_BUNDLE_IDENTIFIER = codepath.TipCalculator;
				PRODUCT_NAME = "$(TARGET_NAME)";
				SWIFT_VERSION = 4.2;
				TARGETED_DEVICE_FAMILY = "1,2";
			};
			name = Debug;
		};
		84CAD474234AE8C400D60D15 /* Release */ = {
			isa = XCBuildConfiguration;
			buildSettings = {
				ASSETCATALOG_COMPILER_APPICON_NAME = AppIcon;
				CODE_SIGN_STYLE = Automatic;
				DEVELOPMENT_TEAM = ZQ8LQ9LJRK;
				INFOPLIST_FILE = TipCalculator/Info.plist;
				LD_RUNPATH_SEARCH_PATHS = (
					"$(inherited)",
					"@executable_path/Frameworks",
				);
				PRODUCT_BUNDLE_IDENTIFIER = codepath.TipCalculator;
				PRODUCT_NAME = "$(TARGET_NAME)";
				SWIFT_VERSION = 4.2;
				TARGETED_DEVICE_FAMILY = "1,2";
			};
			name = Release;
		};
		84CAD476234AE8C400D60D15 /* Debug */ = {
			isa = XCBuildConfiguration;
			buildSettings = {
				ALWAYS_EMBED_SWIFT_STANDARD_LIBRARIES = YES;
				BUNDLE_LOADER = "$(TEST_HOST)";
				CODE_SIGN_STYLE = Automatic;
				DEVELOPMENT_TEAM = ZQ8LQ9LJRK;
				INFOPLIST_FILE = TipCalculatorTests/Info.plist;
				LD_RUNPATH_SEARCH_PATHS = (
					"$(inherited)",
					"@executable_path/Frameworks",
					"@loader_path/Frameworks",
				);
				PRODUCT_BUNDLE_IDENTIFIER = codepath.TipCalculatorTests;
				PRODUCT_NAME = "$(TARGET_NAME)";
				SWIFT_VERSION = 4.2;
				TARGETED_DEVICE_FAMILY = "1,2";
				TEST_HOST = "$(BUILT_PRODUCTS_DIR)/TipCalculator.app/TipCalculator";
			};
			name = Debug;
		};
		84CAD477234AE8C400D60D15 /* Release */ = {
			isa = XCBuildConfiguration;
			buildSettings = {
				ALWAYS_EMBED_SWIFT_STANDARD_LIBRARIES = YES;
				BUNDLE_LOADER = "$(TEST_HOST)";
				CODE_SIGN_STYLE = Automatic;
				DEVELOPMENT_TEAM = ZQ8LQ9LJRK;
				INFOPLIST_FILE = TipCalculatorTests/Info.plist;
				LD_RUNPATH_SEARCH_PATHS = (
					"$(inherited)",
					"@executable_path/Frameworks",
					"@loader_path/Frameworks",
				);
				PRODUCT_BUNDLE_IDENTIFIER = codepath.TipCalculatorTests;
				PRODUCT_NAME = "$(TARGET_NAME)";
				SWIFT_VERSION = 4.2;
				TARGETED_DEVICE_FAMILY = "1,2";
				TEST_HOST = "$(BUILT_PRODUCTS_DIR)/TipCalculator.app/TipCalculator";
			};
			name = Release;
		};
		84CAD479234AE8C400D60D15 /* Debug */ = {
			isa = XCBuildConfiguration;
			buildSettings = {
				ALWAYS_EMBED_SWIFT_STANDARD_LIBRARIES = YES;
				CODE_SIGN_STYLE = Automatic;
				DEVELOPMENT_TEAM = ZQ8LQ9LJRK;
				INFOPLIST_FILE = TipCalculatorUITests/Info.plist;
				LD_RUNPATH_SEARCH_PATHS = (
					"$(inherited)",
					"@executable_path/Frameworks",
					"@loader_path/Frameworks",
				);
				PRODUCT_BUNDLE_IDENTIFIER = codepath.TipCalculatorUITests;
				PRODUCT_NAME = "$(TARGET_NAME)";
				SWIFT_VERSION = 4.2;
				TARGETED_DEVICE_FAMILY = "1,2";
				TEST_TARGET_NAME = TipCalculator;
			};
			name = Debug;
		};
		84CAD47A234AE8C400D60D15 /* Release */ = {
			isa = XCBuildConfiguration;
			buildSettings = {
				ALWAYS_EMBED_SWIFT_STANDARD_LIBRARIES = YES;
				CODE_SIGN_STYLE = Automatic;
				DEVELOPMENT_TEAM = ZQ8LQ9LJRK;
				INFOPLIST_FILE = TipCalculatorUITests/Info.plist;
				LD_RUNPATH_SEARCH_PATHS = (
					"$(inherited)",
					"@executable_path/Frameworks",
					"@loader_path/Frameworks",
				);
				PRODUCT_BUNDLE_IDENTIFIER = codepath.TipCalculatorUITests;
				PRODUCT_NAME = "$(TARGET_NAME)";
				SWIFT_VERSION = 4.2;
				TARGETED_DEVICE_FAMILY = "1,2";
				TEST_TARGET_NAME = TipCalculator;
			};
			name = Release;
		};
/* End XCBuildConfiguration section */

/* Begin XCConfigurationList section */
		84CAD445234AE8C100D60D15 /* Build configuration list for PBXProject "TipCalculator" */ = {
			isa = XCConfigurationList;
			buildConfigurations = (
				84CAD470234AE8C400D60D15 /* Debug */,
				84CAD471234AE8C400D60D15 /* Release */,
			);
			defaultConfigurationIsVisible = 0;
			defaultConfigurationName = Release;
		};
		84CAD472234AE8C400D60D15 /* Build configuration list for PBXNativeTarget "TipCalculator" */ = {
			isa = XCConfigurationList;
			buildConfigurations = (
				84CAD473234AE8C400D60D15 /* Debug */,
				84CAD474234AE8C400D60D15 /* Release */,
			);
			defaultConfigurationIsVisible = 0;
			defaultConfigurationName = Release;
		};
		84CAD475234AE8C400D60D15 /* Build configuration list for PBXNativeTarget "TipCalculatorTests" */ = {
			isa = XCConfigurationList;
			buildConfigurations = (
				84CAD476234AE8C400D60D15 /* Debug */,
				84CAD477234AE8C400D60D15 /* Release */,
			);
			defaultConfigurationIsVisible = 0;
			defaultConfigurationName = Release;
		};
		84CAD478234AE8C400D60D15 /* Build configuration list for PBXNativeTarget "TipCalculatorUITests" */ = {
			isa = XCConfigurationList;
			buildConfigurations = (
				84CAD479234AE8C400D60D15 /* Debug */,
				84CAD47A234AE8C400D60D15 /* Release */,
			);
			defaultConfigurationIsVisible = 0;
			defaultConfigurationName = Release;
		};
/* End XCConfigurationList section */
	};
	rootObject = 84CAD442234AE8C000D60D15 /* Project object */;
}
